// !$*UTF8*$!
{
	archiveVersion = 1;
	classes = {
	};
	objectVersion = 48;
	objects = {

/* Begin PBXBuildFile section */
		34A148D3239EE53B00128594 /* concentration.swift in Sources */ = {isa = PBXBuildFile; fileRef = 34A148D2239EE53B00128594 /* concentration.swift */; };
		34A148D5239EECBC00128594 /* Card.swift in Sources */ = {isa = PBXBuildFile; fileRef = 34A148D4239EECBC00128594 /* Card.swift */; };
		34F9EF8F2394A6E100684CF7 /* AppDelegate.swift in Sources */ = {isa = PBXBuildFile; fileRef = 34F9EF8E2394A6E100684CF7 /* AppDelegate.swift */; };
		34F9EF912394A6E100684CF7 /* ViewController.swift in Sources */ = {isa = PBXBuildFile; fileRef = 34F9EF902394A6E100684CF7 /* ViewController.swift */; };
		34F9EF942394A6E100684CF7 /* Main.storyboard in Resources */ = {isa = PBXBuildFile; fileRef = 34F9EF922394A6E100684CF7 /* Main.storyboard */; };
		34F9EF962394A6E100684CF7 /* Assets.xcassets in Resources */ = {isa = PBXBuildFile; fileRef = 34F9EF952394A6E100684CF7 /* Assets.xcassets */; };
		34F9EF992394A6E100684CF7 /* LaunchScreen.storyboard in Resources */ = {isa = PBXBuildFile; fileRef = 34F9EF972394A6E100684CF7 /* LaunchScreen.storyboard */; };
		34F9EFA42394A6E100684CF7 /* concentrationTests.swift in Sources */ = {isa = PBXBuildFile; fileRef = 34F9EFA32394A6E100684CF7 /* concentrationTests.swift */; };
		34F9EFAF2394A6E100684CF7 /* concentrationUITests.swift in Sources */ = {isa = PBXBuildFile; fileRef = 34F9EFAE2394A6E100684CF7 /* concentrationUITests.swift */; };
/* End PBXBuildFile section */

/* Begin PBXContainerItemProxy section */
		34F9EFA02394A6E100684CF7 /* PBXContainerItemProxy */ = {
			isa = PBXContainerItemProxy;
			containerPortal = 34F9EF832394A6E100684CF7 /* Project object */;
			proxyType = 1;
			remoteGlobalIDString = 34F9EF8A2394A6E100684CF7;
			remoteInfo = concentration;
		};
		34F9EFAB2394A6E100684CF7 /* PBXContainerItemProxy */ = {
			isa = PBXContainerItemProxy;
			containerPortal = 34F9EF832394A6E100684CF7 /* Project object */;
			proxyType = 1;
			remoteGlobalIDString = 34F9EF8A2394A6E100684CF7;
			remoteInfo = concentration;
		};
/* End PBXContainerItemProxy section */

/* Begin PBXFileReference section */
		34A148D2239EE53B00128594 /* concentration.swift */ = {isa = PBXFileReference; lastKnownFileType = sourcecode.swift; path = concentration.swift; sourceTree = "<group>"; };
		34A148D4239EECBC00128594 /* Card.swift */ = {isa = PBXFileReference; lastKnownFileType = sourcecode.swift; path = Card.swift; sourceTree = "<group>"; };
		34F9EF8B2394A6E100684CF7 /* concentration.app */ = {isa = PBXFileReference; explicitFileType = wrapper.application; includeInIndex = 0; path = concentration.app; sourceTree = BUILT_PRODUCTS_DIR; };
		34F9EF8E2394A6E100684CF7 /* AppDelegate.swift */ = {isa = PBXFileReference; lastKnownFileType = sourcecode.swift; path = AppDelegate.swift; sourceTree = "<group>"; };
		34F9EF902394A6E100684CF7 /* ViewController.swift */ = {isa = PBXFileReference; lastKnownFileType = sourcecode.swift; path = ViewController.swift; sourceTree = "<group>"; };
		34F9EF932394A6E100684CF7 /* Base */ = {isa = PBXFileReference; lastKnownFileType = file.storyboard; name = Base; path = Base.lproj/Main.storyboard; sourceTree = "<group>"; };
		34F9EF952394A6E100684CF7 /* Assets.xcassets */ = {isa = PBXFileReference; lastKnownFileType = folder.assetcatalog; path = Assets.xcassets; sourceTree = "<group>"; };
		34F9EF982394A6E100684CF7 /* Base */ = {isa = PBXFileReference; lastKnownFileType = file.storyboard; name = Base; path = Base.lproj/LaunchScreen.storyboard; sourceTree = "<group>"; };
		34F9EF9A2394A6E100684CF7 /* Info.plist */ = {isa = PBXFileReference; lastKnownFileType = text.plist.xml; path = Info.plist; sourceTree = "<group>"; };
		34F9EF9F2394A6E100684CF7 /* concentrationTests.xctest */ = {isa = PBXFileReference; explicitFileType = wrapper.cfbundle; includeInIndex = 0; path = concentrationTests.xctest; sourceTree = BUILT_PRODUCTS_DIR; };
		34F9EFA32394A6E100684CF7 /* concentrationTests.swift */ = {isa = PBXFileReference; lastKnownFileType = sourcecode.swift; path = concentrationTests.swift; sourceTree = "<group>"; };
		34F9EFA52394A6E100684CF7 /* Info.plist */ = {isa = PBXFileReference; lastKnownFileType = text.plist.xml; path = Info.plist; sourceTree = "<group>"; };
		34F9EFAA2394A6E100684CF7 /* concentrationUITests.xctest */ = {isa = PBXFileReference; explicitFileType = wrapper.cfbundle; includeInIndex = 0; path = concentrationUITests.xctest; sourceTree = BUILT_PRODUCTS_DIR; };
		34F9EFAE2394A6E100684CF7 /* concentrationUITests.swift */ = {isa = PBXFileReference; lastKnownFileType = sourcecode.swift; path = concentrationUITests.swift; sourceTree = "<group>"; };
		34F9EFB02394A6E100684CF7 /* Info.plist */ = {isa = PBXFileReference; lastKnownFileType = text.plist.xml; path = Info.plist; sourceTree = "<group>"; };
/* End PBXFileReference section */

/* Begin PBXFrameworksBuildPhase section */
		34F9EF882394A6E100684CF7 /* Frameworks */ = {
			isa = PBXFrameworksBuildPhase;
			buildActionMask = 2147483647;
			files = (
			);
			runOnlyForDeploymentPostprocessing = 0;
		};
		34F9EF9C2394A6E100684CF7 /* Frameworks */ = {
			isa = PBXFrameworksBuildPhase;
			buildActionMask = 2147483647;
			files = (
			);
			runOnlyForDeploymentPostprocessing = 0;
		};
		34F9EFA72394A6E100684CF7 /* Frameworks */ = {
			isa = PBXFrameworksBuildPhase;
			buildActionMask = 2147483647;
			files = (
			);
			runOnlyForDeploymentPostprocessing = 0;
		};
/* End PBXFrameworksBuildPhase section */

/* Begin PBXGroup section */
		34F9EF822394A6E100684CF7 = {
			isa = PBXGroup;
			children = (
				34F9EF8D2394A6E100684CF7 /* concentration */,
				34F9EFA22394A6E100684CF7 /* concentrationTests */,
				34F9EFAD2394A6E100684CF7 /* concentrationUITests */,
				34F9EF8C2394A6E100684CF7 /* Products */,
			);
			sourceTree = "<group>";
		};
		34F9EF8C2394A6E100684CF7 /* Products */ = {
			isa = PBXGroup;
			children = (
				34F9EF8B2394A6E100684CF7 /* concentration.app */,
				34F9EF9F2394A6E100684CF7 /* concentrationTests.xctest */,
				34F9EFAA2394A6E100684CF7 /* concentrationUITests.xctest */,
			);
			name = Products;
			sourceTree = "<group>";
		};
		34F9EF8D2394A6E100684CF7 /* concentration */ = {
			isa = PBXGroup;
			children = (
				34F9EF902394A6E100684CF7 /* ViewController.swift */,
				34F9EF922394A6E100684CF7 /* Main.storyboard */,
				34A148D2239EE53B00128594 /* concentration.swift */,
				34A148D4239EECBC00128594 /* Card.swift */,
				34F9EFBC2394AA2900684CF7 /* SupportFiles */,
				34F9EF9A2394A6E100684CF7 /* Info.plist */,
			);
			path = concentration;
			sourceTree = "<group>";
		};
		34F9EFA22394A6E100684CF7 /* concentrationTests */ = {
			isa = PBXGroup;
			children = (
				34F9EFA32394A6E100684CF7 /* concentrationTests.swift */,
				34F9EFA52394A6E100684CF7 /* Info.plist */,
			);
			path = concentrationTests;
			sourceTree = "<group>";
		};
		34F9EFAD2394A6E100684CF7 /* concentrationUITests */ = {
			isa = PBXGroup;
			children = (
				34F9EFAE2394A6E100684CF7 /* concentrationUITests.swift */,
				34F9EFB02394A6E100684CF7 /* Info.plist */,
			);
			path = concentrationUITests;
			sourceTree = "<group>";
		};
		34F9EFBC2394AA2900684CF7 /* SupportFiles */ = {
			isa = PBXGroup;
			children = (
				34F9EF8E2394A6E100684CF7 /* AppDelegate.swift */,
				34F9EF952394A6E100684CF7 /* Assets.xcassets */,
				34F9EF972394A6E100684CF7 /* LaunchScreen.storyboard */,
			);
			path = SupportFiles;
			sourceTree = "<group>";
		};
/* End PBXGroup section */

/* Begin PBXNativeTarget section */
		34F9EF8A2394A6E100684CF7 /* concentration */ = {
			isa = PBXNativeTarget;
			buildConfigurationList = 34F9EFB32394A6E100684CF7 /* Build configuration list for PBXNativeTarget "concentration" */;
			buildPhases = (
				34F9EF872394A6E100684CF7 /* Sources */,
				34F9EF882394A6E100684CF7 /* Frameworks */,
				34F9EF892394A6E100684CF7 /* Resources */,
			);
			buildRules = (
			);
			dependencies = (
			);
			name = concentration;
			productName = concentration;
			productReference = 34F9EF8B2394A6E100684CF7 /* concentration.app */;
			productType = "com.apple.product-type.application";
		};
		34F9EF9E2394A6E100684CF7 /* concentrationTests */ = {
			isa = PBXNativeTarget;
			buildConfigurationList = 34F9EFB62394A6E100684CF7 /* Build configuration list for PBXNativeTarget "concentrationTests" */;
			buildPhases = (
				34F9EF9B2394A6E100684CF7 /* Sources */,
				34F9EF9C2394A6E100684CF7 /* Frameworks */,
				34F9EF9D2394A6E100684CF7 /* Resources */,
			);
			buildRules = (
			);
			dependencies = (
				34F9EFA12394A6E100684CF7 /* PBXTargetDependency */,
			);
			name = concentrationTests;
			productName = concentrationTests;
			productReference = 34F9EF9F2394A6E100684CF7 /* concentrationTests.xctest */;
			productType = "com.apple.product-type.bundle.unit-test";
		};
		34F9EFA92394A6E100684CF7 /* concentrationUITests */ = {
			isa = PBXNativeTarget;
			buildConfigurationList = 34F9EFB92394A6E100684CF7 /* Build configuration list for PBXNativeTarget "concentrationUITests" */;
			buildPhases = (
				34F9EFA62394A6E100684CF7 /* Sources */,
				34F9EFA72394A6E100684CF7 /* Frameworks */,
				34F9EFA82394A6E100684CF7 /* Resources */,
			);
			buildRules = (
			);
			dependencies = (
				34F9EFAC2394A6E100684CF7 /* PBXTargetDependency */,
			);
			name = concentrationUITests;
			productName = concentrationUITests;
			productReference = 34F9EFAA2394A6E100684CF7 /* concentrationUITests.xctest */;
			productType = "com.apple.product-type.bundle.ui-testing";
		};
/* End PBXNativeTarget section */

/* Begin PBXProject section */
		34F9EF832394A6E100684CF7 /* Project object */ = {
			isa = PBXProject;
			attributes = {
				LastSwiftUpdateCheck = 0900;
				LastUpgradeCheck = 0900;
				ORGANIZATIONNAME = "shane mill";
				TargetAttributes = {
					34F9EF8A2394A6E100684CF7 = {
						CreatedOnToolsVersion = 9.0;
						ProvisioningStyle = Automatic;
					};
					34F9EF9E2394A6E100684CF7 = {
						CreatedOnToolsVersion = 9.0;
						ProvisioningStyle = Automatic;
						TestTargetID = 34F9EF8A2394A6E100684CF7;
					};
					34F9EFA92394A6E100684CF7 = {
						CreatedOnToolsVersion = 9.0;
						ProvisioningStyle = Automatic;
						TestTargetID = 34F9EF8A2394A6E100684CF7;
					};
				};
			};
			buildConfigurationList = 34F9EF862394A6E100684CF7 /* Build configuration list for PBXProject "concentration" */;
			compatibilityVersion = "Xcode 8.0";
			developmentRegion = en;
			hasScannedForEncodings = 0;
			knownRegions = (
				en,
				Base,
			);
			mainGroup = 34F9EF822394A6E100684CF7;
			productRefGroup = 34F9EF8C2394A6E100684CF7 /* Products */;
			projectDirPath = "";
			projectRoot = "";
			targets = (
				34F9EF8A2394A6E100684CF7 /* concentration */,
				34F9EF9E2394A6E100684CF7 /* concentrationTests */,
				34F9EFA92394A6E100684CF7 /* concentrationUITests */,
			);
		};
/* End PBXProject section */

/* Begin PBXResourcesBuildPhase section */
		34F9EF892394A6E100684CF7 /* Resources */ = {
			isa = PBXResourcesBuildPhase;
			buildActionMask = 2147483647;
			files = (
				34F9EF992394A6E100684CF7 /* LaunchScreen.storyboard in Resources */,
				34F9EF962394A6E100684CF7 /* Assets.xcassets in Resources */,
				34F9EF942394A6E100684CF7 /* Main.storyboard in Resources */,
			);
			runOnlyForDeploymentPostprocessing = 0;
		};
		34F9EF9D2394A6E100684CF7 /* Resources */ = {
			isa = PBXResourcesBuildPhase;
			buildActionMask = 2147483647;
			files = (
			);
			runOnlyForDeploymentPostprocessing = 0;
		};
		34F9EFA82394A6E100684CF7 /* Resources */ = {
			isa = PBXResourcesBuildPhase;
			buildActionMask = 2147483647;
			files = (
			);
			runOnlyForDeploymentPostprocessing = 0;
		};
/* End PBXResourcesBuildPhase section */

/* Begin PBXSourcesBuildPhase section */
		34F9EF872394A6E100684CF7 /* Sources */ = {
			isa = PBXSourcesBuildPhase;
			buildActionMask = 2147483647;
			files = (
				34F9EF912394A6E100684CF7 /* ViewController.swift in Sources */,
				34A148D3239EE53B00128594 /* concentration.swift in Sources */,
				34F9EF8F2394A6E100684CF7 /* AppDelegate.swift in Sources */,
				34A148D5239EECBC00128594 /* Card.swift in Sources */,
			);
			runOnlyForDeploymentPostprocessing = 0;
		};
		34F9EF9B2394A6E100684CF7 /* Sources */ = {
			isa = PBXSourcesBuildPhase;
			buildActionMask = 2147483647;
			files = (
				34F9EFA42394A6E100684CF7 /* concentrationTests.swift in Sources */,
			);
			runOnlyForDeploymentPostprocessing = 0;
		};
		34F9EFA62394A6E100684CF7 /* Sources */ = {
			isa = PBXSourcesBuildPhase;
			buildActionMask = 2147483647;
			files = (
				34F9EFAF2394A6E100684CF7 /* concentrationUITests.swift in Sources */,
			);
			runOnlyForDeploymentPostprocessing = 0;
		};
/* End PBXSourcesBuildPhase section */

/* Begin PBXTargetDependency section */
		34F9EFA12394A6E100684CF7 /* PBXTargetDependency */ = {
			isa = PBXTargetDependency;
			target = 34F9EF8A2394A6E100684CF7 /* concentration */;
			targetProxy = 34F9EFA02394A6E100684CF7 /* PBXContainerItemProxy */;
		};
		34F9EFAC2394A6E100684CF7 /* PBXTargetDependency */ = {
			isa = PBXTargetDependency;
			target = 34F9EF8A2394A6E100684CF7 /* concentration */;
			targetProxy = 34F9EFAB2394A6E100684CF7 /* PBXContainerItemProxy */;
		};
/* End PBXTargetDependency section */

/* Begin PBXVariantGroup section */
		34F9EF922394A6E100684CF7 /* Main.storyboard */ = {
			isa = PBXVariantGroup;
			children = (
				34F9EF932394A6E100684CF7 /* Base */,
			);
			name = Main.storyboard;
			sourceTree = "<group>";
		};
		34F9EF972394A6E100684CF7 /* LaunchScreen.storyboard */ = {
			isa = PBXVariantGroup;
			children = (
				34F9EF982394A6E100684CF7 /* Base */,
			);
			name = LaunchScreen.storyboard;
			sourceTree = "<group>";
		};
/* End PBXVariantGroup section */

/* Begin XCBuildConfiguration section */
		34F9EFB12394A6E100684CF7 /* Debug */ = {
			isa = XCBuildConfiguration;
			buildSettings = {
				ALWAYS_SEARCH_USER_PATHS = NO;
				CLANG_ANALYZER_NONNULL = YES;
				CLANG_ANALYZER_NUMBER_OBJECT_CONVERSION = YES_AGGRESSIVE;
				CLANG_CXX_LANGUAGE_STANDARD = "gnu++14";
				CLANG_CXX_LIBRARY = "libc++";
				CLANG_ENABLE_MODULES = YES;
				CLANG_ENABLE_OBJC_ARC = YES;
				CLANG_WARN_BLOCK_CAPTURE_AUTORELEASING = YES;
				CLANG_WARN_BOOL_CONVERSION = YES;
				CLANG_WARN_COMMA = YES;
				CLANG_WARN_CONSTANT_CONVERSION = YES;
				CLANG_WARN_DIRECT_OBJC_ISA_USAGE = YES_ERROR;
				CLANG_WARN_DOCUMENTATION_COMMENTS = YES;
				CLANG_WARN_EMPTY_BODY = YES;
				CLANG_WARN_ENUM_CONVERSION = YES;
				CLANG_WARN_INFINITE_RECURSION = YES;
				CLANG_WARN_INT_CONVERSION = YES;
				CLANG_WARN_NON_LITERAL_NULL_CONVERSION = YES;
				CLANG_WARN_OBJC_LITERAL_CONVERSION = YES;
				CLANG_WARN_OBJC_ROOT_CLASS = YES_ERROR;
				CLANG_WARN_RANGE_LOOP_ANALYSIS = YES;
				CLANG_WARN_STRICT_PROTOTYPES = YES;
				CLANG_WARN_SUSPICIOUS_MOVE = YES;
				CLANG_WARN_UNGUARDED_AVAILABILITY = YES_AGGRESSIVE;
				CLANG_WARN_UNREACHABLE_CODE = YES;
				CLANG_WARN__DUPLICATE_METHOD_MATCH = YES;
				CODE_SIGN_IDENTITY = "iPhone Developer";
				COPY_PHASE_STRIP = NO;
				DEBUG_INFORMATION_FORMAT = dwarf;
				ENABLE_STRICT_OBJC_MSGSEND = YES;
				ENABLE_TESTABILITY = YES;
				GCC_C_LANGUAGE_STANDARD = gnu11;
				GCC_DYNAMIC_NO_PIC = NO;
				GCC_NO_COMMON_BLOCKS = YES;
				GCC_OPTIMIZATION_LEVEL = 0;
				GCC_PREPROCESSOR_DEFINITIONS = (
					"DEBUG=1",
					"$(inherited)",
				);
				GCC_WARN_64_TO_32_BIT_CONVERSION = YES;
				GCC_WARN_ABOUT_RETURN_TYPE = YES_ERROR;
				GCC_WARN_UNDECLARED_SELECTOR = YES;
				GCC_WARN_UNINITIALIZED_AUTOS = YES_AGGRESSIVE;
				GCC_WARN_UNUSED_FUNCTION = YES;
				GCC_WARN_UNUSED_VARIABLE = YES;
				IPHONEOS_DEPLOYMENT_TARGET = 11.0;
				MTL_ENABLE_DEBUG_INFO = YES;
				ONLY_ACTIVE_ARCH = YES;
				SDKROOT = iphoneos;
				SWIFT_ACTIVE_COMPILATION_CONDITIONS = DEBUG;
				SWIFT_OPTIMIZATION_LEVEL = "-Onone";
			};
			name = Debug;
		};
		34F9EFB22394A6E100684CF7 /* Release */ = {
			isa = XCBuildConfiguration;
			buildSettings = {
				ALWAYS_SEARCH_USER_PATHS = NO;
				CLANG_ANALYZER_NONNULL = YES;
				CLANG_ANALYZER_NUMBER_OBJECT_CONVERSION = YES_AGGRESSIVE;
				CLANG_CXX_LANGUAGE_STANDARD = "gnu++14";
				CLANG_CXX_LIBRARY = "libc++";
				CLANG_ENABLE_MODULES = YES;
				CLANG_ENABLE_OBJC_ARC = YES;
				CLANG_WARN_BLOCK_CAPTURE_AUTORELEASING = YES;
				CLANG_WARN_BOOL_CONVERSION = YES;
				CLANG_WARN_COMMA = YES;
				CLANG_WARN_CONSTANT_CONVERSION = YES;
				CLANG_WARN_DIRECT_OBJC_ISA_USAGE = YES_ERROR;
				CLANG_WARN_DOCUMENTATION_COMMENTS = YES;
				CLANG_WARN_EMPTY_BODY = YES;
				CLANG_WARN_ENUM_CONVERSION = YES;
				CLANG_WARN_INFINITE_RECURSION = YES;
				CLANG_WARN_INT_CONVERSION = YES;
				CLANG_WARN_NON_LITERAL_NULL_CONVERSION = YES;
				CLANG_WARN_OBJC_LITERAL_CONVERSION = YES;
				CLANG_WARN_OBJC_ROOT_CLASS = YES_ERROR;
				CLANG_WARN_RANGE_LOOP_ANALYSIS = YES;
				CLANG_WARN_STRICT_PROTOTYPES = YES;
				CLANG_WARN_SUSPICIOUS_MOVE = YES;
				CLANG_WARN_UNGUARDED_AVAILABILITY = YES_AGGRESSIVE;
				CLANG_WARN_UNREACHABLE_CODE = YES;
				CLANG_WARN__DUPLICATE_METHOD_MATCH = YES;
				CODE_SIGN_IDENTITY = "iPhone Developer";
				COPY_PHASE_STRIP = NO;
				DEBUG_INFORMATION_FORMAT = "dwarf-with-dsym";
				ENABLE_NS_ASSERTIONS = NO;
				ENABLE_STRICT_OBJC_MSGSEND = YES;
				GCC_C_LANGUAGE_STANDARD = gnu11;
				GCC_NO_COMMON_BLOCKS = YES;
				GCC_WARN_64_TO_32_BIT_CONVERSION = YES;
				GCC_WARN_ABOUT_RETURN_TYPE = YES_ERROR;
				GCC_WARN_UNDECLARED_SELECTOR = YES;
				GCC_WARN_UNINITIALIZED_AUTOS = YES_AGGRESSIVE;
				GCC_WARN_UNUSED_FUNCTION = YES;
				GCC_WARN_UNUSED_VARIABLE = YES;
				IPHONEOS_DEPLOYMENT_TARGET = 11.0;
				MTL_ENABLE_DEBUG_INFO = NO;
				SDKROOT = iphoneos;
				SWIFT_OPTIMIZATION_LEVEL = "-Owholemodule";
				VALIDATE_PRODUCT = YES;
			};
			name = Release;
		};
		34F9EFB42394A6E100684CF7 /* Debug */ = {
			isa = XCBuildConfiguration;
			buildSettings = {
				ASSETCATALOG_COMPILER_APPICON_NAME = AppIcon;
				CODE_SIGN_STYLE = Automatic;
				DEVELOPMENT_TEAM = 5XJY8BBW2W;
				INFOPLIST_FILE = concentration/Info.plist;
				IPHONEOS_DEPLOYMENT_TARGET = 9.0;
				LD_RUNPATH_SEARCH_PATHS = "$(inherited) @executable_path/Frameworks";
				PRODUCT_BUNDLE_IDENTIFIER = github.concentration;
				PRODUCT_NAME = "$(TARGET_NAME)";
				SWIFT_VERSION = 4.0;
				TARGETED_DEVICE_FAMILY = "1,2";
			};
			name = Debug;
		};
		34F9EFB52394A6E100684CF7 /* Release */ = {
			isa = XCBuildConfiguration;
			buildSettings = {
				ASSETCATALOG_COMPILER_APPICON_NAME = AppIcon;
				CODE_SIGN_STYLE = Automatic;
				DEVELOPMENT_TEAM = 5XJY8BBW2W;
				INFOPLIST_FILE = concentration/Info.plist;
				IPHONEOS_DEPLOYMENT_TARGET = 9.0;
				LD_RUNPATH_SEARCH_PATHS = "$(inherited) @executable_path/Frameworks";
				PRODUCT_BUNDLE_IDENTIFIER = github.concentration;
				PRODUCT_NAME = "$(TARGET_NAME)";
				SWIFT_VERSION = 4.0;
				TARGETED_DEVICE_FAMILY = "1,2";
			};
			name = Release;
		};
		34F9EFB72394A6E100684CF7 /* Debug */ = {
			isa = XCBuildConfiguration;
			buildSettings = {
				ALWAYS_EMBED_SWIFT_STANDARD_LIBRARIES = YES;
				BUNDLE_LOADER = "$(TEST_HOST)";
				CODE_SIGN_STYLE = Automatic;
				INFOPLIST_FILE = concentrationTests/Info.plist;
				LD_RUNPATH_SEARCH_PATHS = "$(inherited) @executable_path/Frameworks @loader_path/Frameworks";
				PRODUCT_BUNDLE_IDENTIFIER = github.concentrationTests;
				PRODUCT_NAME = "$(TARGET_NAME)";
				SWIFT_VERSION = 4.0;
				TARGETED_DEVICE_FAMILY = "1,2";
				TEST_HOST = "$(BUILT_PRODUCTS_DIR)/concentration.app/concentration";
			};
			name = Debug;
		};
		34F9EFB82394A6E100684CF7 /* Release */ = {
			isa = XCBuildConfiguration;
			buildSettings = {
				ALWAYS_EMBED_SWIFT_STANDARD_LIBRARIES = YES;
				BUNDLE_LOADER = "$(TEST_HOST)";
				CODE_SIGN_STYLE = Automatic;
				INFOPLIST_FILE = concentrationTests/Info.plist;
				LD_RUNPATH_SEARCH_PATHS = "$(inherited) @executable_path/Frameworks @loader_path/Frameworks";
				PRODUCT_BUNDLE_IDENTIFIER = github.concentrationTests;
				PRODUCT_NAME = "$(TARGET_NAME)";
				SWIFT_VERSION = 4.0;
				TARGETED_DEVICE_FAMILY = "1,2";
				TEST_HOST = "$(BUILT_PRODUCTS_DIR)/concentration.app/concentration";
			};
			name = Release;
		};
		34F9EFBA2394A6E100684CF7 /* Debug */ = {
			isa = XCBuildConfiguration;
			buildSettings = {
				ALWAYS_EMBED_SWIFT_STANDARD_LIBRARIES = YES;
				CODE_SIGN_STYLE = Automatic;
				INFOPLIST_FILE = concentrationUITests/Info.plist;
				LD_RUNPATH_SEARCH_PATHS = "$(inherited) @executable_path/Frameworks @loader_path/Frameworks";
				PRODUCT_BUNDLE_IDENTIFIER = github.concentrationUITests;
				PRODUCT_NAME = "$(TARGET_NAME)";
				SWIFT_VERSION = 4.0;
				TARGETED_DEVICE_FAMILY = "1,2";
				TEST_TARGET_NAME = concentration;
			};
			name = Debug;
		};
		34F9EFBB2394A6E100684CF7 /* Release */ = {
			isa = XCBuildConfiguration;
			buildSettings = {
				ALWAYS_EMBED_SWIFT_STANDARD_LIBRARIES = YES;
				CODE_SIGN_STYLE = Automatic;
				INFOPLIST_FILE = concentrationUITests/Info.plist;
				LD_RUNPATH_SEARCH_PATHS = "$(inherited) @executable_path/Frameworks @loader_path/Frameworks";
				PRODUCT_BUNDLE_IDENTIFIER = github.concentrationUITests;
				PRODUCT_NAME = "$(TARGET_NAME)";
				SWIFT_VERSION = 4.0;
				TARGETED_DEVICE_FAMILY = "1,2";
				TEST_TARGET_NAME = concentration;
			};
			name = Release;
		};
/* End XCBuildConfiguration section */

/* Begin XCConfigurationList section */
		34F9EF862394A6E100684CF7 /* Build configuration list for PBXProject "concentration" */ = {
			isa = XCConfigurationList;
			buildConfigurations = (
				34F9EFB12394A6E100684CF7 /* Debug */,
				34F9EFB22394A6E100684CF7 /* Release */,
			);
			defaultConfigurationIsVisible = 0;
			defaultConfigurationName = Release;
		};
		34F9EFB32394A6E100684CF7 /* Build configuration list for PBXNativeTarget "concentration" */ = {
			isa = XCConfigurationList;
			buildConfigurations = (
				34F9EFB42394A6E100684CF7 /* Debug */,
				34F9EFB52394A6E100684CF7 /* Release */,
			);
			defaultConfigurationIsVisible = 0;
			defaultConfigurationName = Release;
		};
		34F9EFB62394A6E100684CF7 /* Build configuration list for PBXNativeTarget "concentrationTests" */ = {
			isa = XCConfigurationList;
			buildConfigurations = (
				34F9EFB72394A6E100684CF7 /* Debug */,
				34F9EFB82394A6E100684CF7 /* Release */,
			);
			defaultConfigurationIsVisible = 0;
			defaultConfigurationName = Release;
		};
		34F9EFB92394A6E100684CF7 /* Build configuration list for PBXNativeTarget "concentrationUITests" */ = {
			isa = XCConfigurationList;
			buildConfigurations = (
				34F9EFBA2394A6E100684CF7 /* Debug */,
				34F9EFBB2394A6E100684CF7 /* Release */,
			);
			defaultConfigurationIsVisible = 0;
			defaultConfigurationName = Release;
		};
/* End XCConfigurationList section */
	};
	rootObject = 34F9EF832394A6E100684CF7 /* Project object */;
}
